
Microsoft Visual Studio Solution File, Format Version 12.00
# Visual Studio 2012
Project("{FAE04EC0-301F-11D3-BF4B-00C04F79EFBC}") = "MokaBooking.Web.UI", "MokaBooking.Web.UI\MokaBooking.Web.UI.csproj", "{CC281960-743A-4659-9FC7-E501EB4A266D}"
EndProject
Project("{FAE04EC0-301F-11D3-BF4B-00C04F79EFBC}") = "MokaBooking.Web.UI.Tests", "MokaBooking.Web.UI.Tests\MokaBooking.Web.UI.Tests.csproj", "{9E127B41-BBCC-4060-A538-1B1B2F88F756}"
EndProject
Project("{2150E333-8FDC-42A3-9474-1A3956D46DE8}") = ".nuget", ".nuget", "{B29C36C3-6A4C-4FDB-AA26-857E213C5641}"
	ProjectSection(SolutionItems) = preProject
		.nuget\packages.config = .nuget\packages.config
	EndProjectSection
EndProject
Global
	GlobalSection(SolutionConfigurationPlatforms) = preSolution
		Debug|Any CPU = Debug|Any CPU
		Release|Any CPU = Release|Any CPU
	EndGlobalSection
	GlobalSection(ProjectConfigurationPlatforms) = postSolution
		{CC281960-743A-4659-9FC7-E501EB4A266D}.Debug|Any CPU.ActiveCfg = Debug|Any CPU
		{CC281960-743A-4659-9FC7-E501EB4A266D}.Debug|Any CPU.Build.0 = Debug|Any CPU
		{CC281960-743A-4659-9FC7-E501EB4A266D}.Release|Any CPU.ActiveCfg = Release|Any CPU
		{CC281960-743A-4659-9FC7-E501EB4A266D}.Release|Any CPU.Build.0 = Release|Any CPU
		{9E127B41-BBCC-4060-A538-1B1B2F88F756}.Debug|Any CPU.ActiveCfg = Debug|Any CPU
		{9E127B41-BBCC-4060-A538-1B1B2F88F756}.Debug|Any CPU.Build.0 = Debug|Any CPU
		{9E127B41-BBCC-4060-A538-1B1B2F88F756}.Release|Any CPU.ActiveCfg = Release|Any CPU
		{9E127B41-BBCC-4060-A538-1B1B2F88F756}.Release|Any CPU.Build.0 = Release|Any CPU
	EndGlobalSection
	GlobalSection(SolutionProperties) = preSolution
		HideSolutionNode = FALSE
	EndGlobalSection
EndGlobal
